// !$*UTF8*$!
{
	archiveVersion = 1;
	classes = {
	};
	objectVersion = 46;
	objects = {

/* Begin PBXBuildFile section */
		216EFD422322815800A07B71 /* libSuperpoweredAudiotvOS.a in Frameworks */ = {isa = PBXBuildFile; fileRef = 216EFD412322815800A07B71 /* libSuperpoweredAudiotvOS.a */; };
		216EFD452322816200A07B71 /* SuperpoweredtvOSAudioIO.mm in Sources */ = {isa = PBXBuildFile; fileRef = 216EFD432322816200A07B71 /* SuperpoweredtvOSAudioIO.mm */; };
		216EFD4A2322816E00A07B71 /* Assets.xcassets in Resources */ = {isa = PBXBuildFile; fileRef = 216EFD462322816E00A07B71 /* Assets.xcassets */; };
		216EFD4C2322816E00A07B71 /* main.m in Sources */ = {isa = PBXBuildFile; fileRef = 216EFD482322816E00A07B71 /* main.m */; };
		216EFD4D2322816E00A07B71 /* Main.storyboard in Resources */ = {isa = PBXBuildFile; fileRef = 216EFD492322816E00A07B71 /* Main.storyboard */; };
		216EFD55232281A000A07B71 /* AppDelegate.m in Sources */ = {isa = PBXBuildFile; fileRef = 216EFD502322819F00A07B71 /* AppDelegate.m */; };
		216EFD56232281A000A07B71 /* ViewController.mm in Sources */ = {isa = PBXBuildFile; fileRef = 216EFD532322819F00A07B71 /* ViewController.mm */; };
		216EFD5C232282E400A07B71 /* AVFoundation.framework in Frameworks */ = {isa = PBXBuildFile; fileRef = 216EFD5B232282E400A07B71 /* AVFoundation.framework */; };
		216EFD60232282F600A07B71 /* AudioToolbox.framework in Frameworks */ = {isa = PBXBuildFile; fileRef = 216EFD5F232282F600A07B71 /* AudioToolbox.framework */; };
/* End PBXBuildFile section */

/* Begin PBXFileReference section */
		1B911F9C1C04B5DD008C0ACA /* tvExample.app */ = {isa = PBXFileReference; explicitFileType = wrapper.application; includeInIndex = 0; path = tvExample.app; sourceTree = BUILT_PRODUCTS_DIR; };
		216EFD412322815800A07B71 /* libSuperpoweredAudiotvOS.a */ = {isa = PBXFileReference; lastKnownFileType = archive.ar; name = libSuperpoweredAudiotvOS.a; path = ../../Superpowered/libSuperpoweredAudiotvOS.a; sourceTree = "<group>"; };
		216EFD432322816200A07B71 /* SuperpoweredtvOSAudioIO.mm */ = {isa = PBXFileReference; fileEncoding = 4; lastKnownFileType = sourcecode.cpp.objcpp; name = SuperpoweredtvOSAudioIO.mm; path = ../../Superpowered/OpenSource/SuperpoweredtvOSAudioIO.mm; sourceTree = "<group>"; };
		216EFD442322816200A07B71 /* SuperpoweredtvOSAudioIO.h */ = {isa = PBXFileReference; fileEncoding = 4; lastKnownFileType = sourcecode.c.h; name = SuperpoweredtvOSAudioIO.h; path = ../../Superpowered/OpenSource/SuperpoweredtvOSAudioIO.h; sourceTree = "<group>"; };
		216EFD462322816E00A07B71 /* Assets.xcassets */ = {isa = PBXFileReference; lastKnownFileType = folder.assetcatalog; name = Assets.xcassets; path = etc/Assets.xcassets; sourceTree = "<group>"; };
		216EFD472322816E00A07B71 /* Info.plist */ = {isa = PBXFileReference; fileEncoding = 4; lastKnownFileType = text.plist.xml; name = Info.plist; path = etc/Info.plist; sourceTree = "<group>"; };
		216EFD482322816E00A07B71 /* main.m */ = {isa = PBXFileReference; fileEncoding = 4; lastKnownFileType = sourcecode.c.objc; name = main.m; path = etc/main.m; sourceTree = "<group>"; };
		216EFD492322816E00A07B71 /* Main.storyboard */ = {isa = PBXFileReference; fileEncoding = 4; lastKnownFileType = file.storyboard; name = Main.storyboard; path = etc/Main.storyboard; sourceTree = "<group>"; };
		216EFD502322819F00A07B71 /* AppDelegate.m */ = {isa = PBXFileReference; fileEncoding = 4; lastKnownFileType = sourcecode.c.objc; name = AppDelegate.m; path = tvExample/AppDelegate.m; sourceTree = "<group>"; };
		216EFD512322819F00A07B71 /* ViewController.h */ = {isa = PBXFileReference; fileEncoding = 4; lastKnownFileType = sourcecode.c.h; name = ViewController.h; path = tvExample/ViewController.h; sourceTree = "<group>"; };
		216EFD522322819F00A07B71 /* AppDelegate.h */ = {isa = PBXFileReference; fileEncoding = 4; lastKnownFileType = sourcecode.c.h; name = AppDelegate.h; path = tvExample/AppDelegate.h; sourceTree = "<group>"; };
		216EFD532322819F00A07B71 /* ViewController.mm */ = {isa = PBXFileReference; fileEncoding = 4; lastKnownFileType = sourcecode.cpp.objcpp; name = ViewController.mm; path = tvExample/ViewController.mm; sourceTree = "<group>"; };
		216EFD57232281DA00A07B71 /* SuperpoweredWhoosh.h */ = {isa = PBXFileReference; lastKnownFileType = sourcecode.c.h; name = SuperpoweredWhoosh.h; path = ../../Superpowered/SuperpoweredWhoosh.h; sourceTree = "<group>"; };
		216EFD58232281DA00A07B71 /* Superpowered.h */ = {isa = PBXFileReference; lastKnownFileType = sourcecode.c.h; name = Superpowered.h; path = ../../Superpowered/Superpowered.h; sourceTree = "<group>"; };
		216EFD59232281DA00A07B71 /* SuperpoweredSimple.h */ = {isa = PBXFileReference; lastKnownFileType = sourcecode.c.h; name = SuperpoweredSimple.h; path = ../../Superpowered/SuperpoweredSimple.h; sourceTree = "<group>"; };
		216EFD5B232282E400A07B71 /* AVFoundation.framework */ = {isa = PBXFileReference; lastKnownFileType = wrapper.framework; name = AVFoundation.framework; path = System/Library/Frameworks/AVFoundation.framework; sourceTree = SDKROOT; };
		216EFD5D232282EB00A07B71 /* AudioUnit.framework */ = {isa = PBXFileReference; lastKnownFileType = wrapper.framework; name = AudioUnit.framework; path = System/Library/Frameworks/AudioUnit.framework; sourceTree = SDKROOT; };
		216EFD5F232282F600A07B71 /* AudioToolbox.framework */ = {isa = PBXFileReference; lastKnownFileType = wrapper.framework; name = AudioToolbox.framework; path = System/Library/Frameworks/AudioToolbox.framework; sourceTree = SDKROOT; };
/* End PBXFileReference section */

/* Begin PBXFrameworksBuildPhase section */
		1B911F991C04B5DD008C0ACA /* Frameworks */ = {
			isa = PBXFrameworksBuildPhase;
			buildActionMask = 2147483647;
			files = (
				216EFD60232282F600A07B71 /* AudioToolbox.framework in Frameworks */,
				216EFD5C232282E400A07B71 /* AVFoundation.framework in Frameworks */,
				216EFD422322815800A07B71 /* libSuperpoweredAudiotvOS.a in Frameworks */,
			);
			runOnlyForDeploymentPostprocessing = 0;
		};
/* End PBXFrameworksBuildPhase section */

/* Begin PBXGroup section */
		1B911F931C04B5DD008C0ACA = {
			isa = PBXGroup;
			children = (
				216EFD402322812200A07B71 /* Superpowered */,
				216EFD522322819F00A07B71 /* AppDelegate.h */,
				216EFD502322819F00A07B71 /* AppDelegate.m */,
				216EFD512322819F00A07B71 /* ViewController.h */,
				216EFD532322819F00A07B71 /* ViewController.mm */,
				1B911F9F1C04B5DD008C0ACA /* Supporting Files */,
				216EFD5A232282DA00A07B71 /* Frameworks */,
				1B911F9D1C04B5DD008C0ACA /* Products */,
			);
			sourceTree = "<group>";
		};
		1B911F9D1C04B5DD008C0ACA /* Products */ = {
			isa = PBXGroup;
			children = (
				1B911F9C1C04B5DD008C0ACA /* tvExample.app */,
			);
			name = Products;
			sourceTree = "<group>";
		};
		1B911F9F1C04B5DD008C0ACA /* Supporting Files */ = {
			isa = PBXGroup;
			children = (
				216EFD462322816E00A07B71 /* Assets.xcassets */,
				216EFD472322816E00A07B71 /* Info.plist */,
				216EFD482322816E00A07B71 /* main.m */,
				216EFD492322816E00A07B71 /* Main.storyboard */,
			);
			name = "Supporting Files";
			path = tvExample;
			sourceTree = "<group>";
		};
		216EFD402322812200A07B71 /* Superpowered */ = {
			isa = PBXGroup;
			children = (
				216EFD412322815800A07B71 /* libSuperpoweredAudiotvOS.a */,
				216EFD442322816200A07B71 /* SuperpoweredtvOSAudioIO.h */,
				216EFD432322816200A07B71 /* SuperpoweredtvOSAudioIO.mm */,
				216EFD58232281DA00A07B71 /* Superpowered.h */,
				216EFD59232281DA00A07B71 /* SuperpoweredSimple.h */,
				216EFD57232281DA00A07B71 /* SuperpoweredWhoosh.h */,
			);
			name = Superpowered;
			sourceTree = "<group>";
		};
		216EFD5A232282DA00A07B71 /* Frameworks */ = {
			isa = PBXGroup;
			children = (
				216EFD5F232282F600A07B71 /* AudioToolbox.framework */,
				216EFD5D232282EB00A07B71 /* AudioUnit.framework */,
				216EFD5B232282E400A07B71 /* AVFoundation.framework */,
			);
			name = Frameworks;
			sourceTree = "<group>";
		};
/* End PBXGroup section */

/* Begin PBXNativeTarget section */
		1B911F9B1C04B5DD008C0ACA /* tvExample */ = {
			isa = PBXNativeTarget;
			buildConfigurationList = 1B911FB01C04B5DD008C0ACA /* Build configuration list for PBXNativeTarget "tvExample" */;
			buildPhases = (
				1B911F981C04B5DD008C0ACA /* Sources */,
				1B911F991C04B5DD008C0ACA /* Frameworks */,
				1B911F9A1C04B5DD008C0ACA /* Resources */,
			);
			buildRules = (
			);
			dependencies = (
			);
			name = tvExample;
			productName = tvExample;
			productReference = 1B911F9C1C04B5DD008C0ACA /* tvExample.app */;
			productType = "com.apple.product-type.application";
		};
/* End PBXNativeTarget section */

/* Begin PBXProject section */
		1B911F941C04B5DD008C0ACA /* Project object */ = {
			isa = PBXProject;
			attributes = {
				LastUpgradeCheck = 1020;
				ORGANIZATIONNAME = superpowered;
				TargetAttributes = {
					1B911F9B1C04B5DD008C0ACA = {
						CreatedOnToolsVersion = 7.1.1;
						DevelopmentTeam = AP4SQ5L535;
					};
				};
			};
			buildConfigurationList = 1B911F971C04B5DD008C0ACA /* Build configuration list for PBXProject "tvExample" */;
			compatibilityVersion = "Xcode 3.2";
			developmentRegion = en;
			hasScannedForEncodings = 0;
			knownRegions = (
				en,
				Base,
			);
			mainGroup = 1B911F931C04B5DD008C0ACA;
			productRefGroup = 1B911F9D1C04B5DD008C0ACA /* Products */;
			projectDirPath = "";
			projectRoot = "";
			targets = (
				1B911F9B1C04B5DD008C0ACA /* tvExample */,
			);
		};
/* End PBXProject section */

/* Begin PBXResourcesBuildPhase section */
		1B911F9A1C04B5DD008C0ACA /* Resources */ = {
			isa = PBXResourcesBuildPhase;
			buildActionMask = 2147483647;
			files = (
				216EFD4D2322816E00A07B71 /* Main.storyboard in Resources */,
				216EFD4A2322816E00A07B71 /* Assets.xcassets in Resources */,
			);
			runOnlyForDeploymentPostprocessing = 0;
		};
/* End PBXResourcesBuildPhase section */

/* Begin PBXSourcesBuildPhase section */
		1B911F981C04B5DD008C0ACA /* Sources */ = {
			isa = PBXSourcesBuildPhase;
			buildActionMask = 2147483647;
			files = (
				216EFD55232281A000A07B71 /* AppDelegate.m in Sources */,
				216EFD4C2322816E00A07B71 /* main.m in Sources */,
				216EFD452322816200A07B71 /* SuperpoweredtvOSAudioIO.mm in Sources */,
				216EFD56232281A000A07B71 /* ViewController.mm in Sources */,
			);
			runOnlyForDeploymentPostprocessing = 0;
		};
/* End PBXSourcesBuildPhase section */

/* Begin XCBuildConfiguration section */
		1B911FAE1C04B5DD008C0ACA /* Debug */ = {
			isa = XCBuildConfiguration;
			buildSettings = {
				ALWAYS_SEARCH_USER_PATHS = NO;
				CLANG_ANALYZER_LOCALIZABILITY_NONLOCALIZED = YES;
				CLANG_CXX_LANGUAGE_STANDARD = "gnu++0x";
				CLANG_CXX_LIBRARY = "libc++";
				CLANG_ENABLE_MODULES = YES;
				CLANG_ENABLE_OBJC_ARC = YES;
				CLANG_WARN_BLOCK_CAPTURE_AUTORELEASING = YES;
				CLANG_WARN_BOOL_CONVERSION = YES;
				CLANG_WARN_COMMA = YES;
				CLANG_WARN_CONSTANT_CONVERSION = YES;
				CLANG_WARN_DEPRECATED_OBJC_IMPLEMENTATIONS = YES;
				CLANG_WARN_DIRECT_OBJC_ISA_USAGE = YES_ERROR;
				CLANG_WARN_EMPTY_BODY = YES;
				CLANG_WARN_ENUM_CONVERSION = YES;
				CLANG_WARN_INFINITE_RECURSION = YES;
				CLANG_WARN_INT_CONVERSION = YES;
				CLANG_WARN_NON_LITERAL_NULL_CONVERSION = YES;
				CLANG_WARN_OBJC_IMPLICIT_RETAIN_SELF = YES;
				CLANG_WARN_OBJC_LITERAL_CONVERSION = YES;
				CLANG_WARN_OBJC_ROOT_CLASS = YES_ERROR;
				CLANG_WARN_RANGE_LOOP_ANALYSIS = YES;
				CLANG_WARN_STRICT_PROTOTYPES = YES;
				CLANG_WARN_SUSPICIOUS_MOVE = YES;
				CLANG_WARN_UNREACHABLE_CODE = YES;
				CLANG_WARN__DUPLICATE_METHOD_MATCH = YES;
				COPY_PHASE_STRIP = NO;
				DEBUG_INFORMATION_FORMAT = dwarf;
				ENABLE_STRICT_OBJC_MSGSEND = YES;
				ENABLE_TESTABILITY = YES;
				GCC_C_LANGUAGE_STANDARD = gnu99;
				GCC_DYNAMIC_NO_PIC = NO;
				GCC_NO_COMMON_BLOCKS = YES;
				GCC_OPTIMIZATION_LEVEL = 0;
				GCC_PREPROCESSOR_DEFINITIONS = (
					"DEBUG=1",
					"$(inherited)",
				);
				GCC_WARN_64_TO_32_BIT_CONVERSION = YES;
				GCC_WARN_ABOUT_RETURN_TYPE = YES_ERROR;
				GCC_WARN_UNDECLARED_SELECTOR = YES;
				GCC_WARN_UNINITIALIZED_AUTOS = YES_AGGRESSIVE;
				GCC_WARN_UNUSED_FUNCTION = YES;
				GCC_WARN_UNUSED_VARIABLE = YES;
				MTL_ENABLE_DEBUG_INFO = YES;
				ONLY_ACTIVE_ARCH = YES;
				SDKROOT = appletvos;
				TARGETED_DEVICE_FAMILY = 3;
				TVOS_DEPLOYMENT_TARGET = 9.0;
			};
			name = Debug;
		};
		1B911FAF1C04B5DD008C0ACA /* Release */ = {
			isa = XCBuildConfiguration;
			buildSettings = {
				ALWAYS_SEARCH_USER_PATHS = NO;
				CLANG_ANALYZER_LOCALIZABILITY_NONLOCALIZED = YES;
				CLANG_CXX_LANGUAGE_STANDARD = "gnu++0x";
				CLANG_CXX_LIBRARY = "libc++";
				CLANG_ENABLE_MODULES = YES;
				CLANG_ENABLE_OBJC_ARC = YES;
				CLANG_WARN_BLOCK_CAPTURE_AUTORELEASING = YES;
				CLANG_WARN_BOOL_CONVERSION = YES;
				CLANG_WARN_COMMA = YES;
				CLANG_WARN_CONSTANT_CONVERSION = YES;
				CLANG_WARN_DEPRECATED_OBJC_IMPLEMENTATIONS = YES;
				CLANG_WARN_DIRECT_OBJC_ISA_USAGE = YES_ERROR;
				CLANG_WARN_EMPTY_BODY = YES;
				CLANG_WARN_ENUM_CONVERSION = YES;
				CLANG_WARN_INFINITE_RECURSION = YES;
				CLANG_WARN_INT_CONVERSION = YES;
				CLANG_WARN_NON_LITERAL_NULL_CONVERSION = YES;
				CLANG_WARN_OBJC_IMPLICIT_RETAIN_SELF = YES;
				CLANG_WARN_OBJC_LITERAL_CONVERSION = YES;
				CLANG_WARN_OBJC_ROOT_CLASS = YES_ERROR;
				CLANG_WARN_RANGE_LOOP_ANALYSIS = YES;
				CLANG_WARN_STRICT_PROTOTYPES = YES;
				CLANG_WARN_SUSPICIOUS_MOVE = YES;
				CLANG_WARN_UNREACHABLE_CODE = YES;
				CLANG_WARN__DUPLICATE_METHOD_MATCH = YES;
				COPY_PHASE_STRIP = NO;
				DEBUG_INFORMATION_FORMAT = "dwarf-with-dsym";
				ENABLE_NS_ASSERTIONS = NO;
				ENABLE_STRICT_OBJC_MSGSEND = YES;
				GCC_C_LANGUAGE_STANDARD = gnu99;
				GCC_NO_COMMON_BLOCKS = YES;
				GCC_WARN_64_TO_32_BIT_CONVERSION = YES;
				GCC_WARN_ABOUT_RETURN_TYPE = YES_ERROR;
				GCC_WARN_UNDECLARED_SELECTOR = YES;
				GCC_WARN_UNINITIALIZED_AUTOS = YES_AGGRESSIVE;
				GCC_WARN_UNUSED_FUNCTION = YES;
				GCC_WARN_UNUSED_VARIABLE = YES;
				MTL_ENABLE_DEBUG_INFO = NO;
				SDKROOT = appletvos;
				TARGETED_DEVICE_FAMILY = 3;
				TVOS_DEPLOYMENT_TARGET = 9.0;
				VALIDATE_PRODUCT = YES;
			};
			name = Release;
		};
		1B911FB11C04B5DD008C0ACA /* Debug */ = {
			isa = XCBuildConfiguration;
			buildSettings = {
				CODE_SIGN_IDENTITY = "iPhone Developer";
				"CODE_SIGN_IDENTITY[sdk=appletvos*]" = "iPhone Developer";
				INFOPLIST_FILE = tvExample/etc/Info.plist;
				LD_RUNPATH_SEARCH_PATHS = "$(inherited) @executable_path/Frameworks";
				LIBRARY_SEARCH_PATHS = "$(PROJECT_DIR)/../../Superpowered";
				PRODUCT_BUNDLE_IDENTIFIER = com.superpowered.tvExample;
				PRODUCT_NAME = "$(TARGET_NAME)";
				PROVISIONING_PROFILE = "";
				VALID_ARCHS = "$(ARCHS_STANDARD)";
			};
			name = Debug;
		};
		1B911FB21C04B5DD008C0ACA /* Release */ = {
			isa = XCBuildConfiguration;
			buildSettings = {
				CODE_SIGN_IDENTITY = "iPhone Developer";
				"CODE_SIGN_IDENTITY[sdk=appletvos*]" = "iPhone Developer";
				INFOPLIST_FILE = tvExample/etc/Info.plist;
				LD_RUNPATH_SEARCH_PATHS = "$(inherited) @executable_path/Frameworks";
				LIBRARY_SEARCH_PATHS = "$(PROJECT_DIR)/../../Superpowered";
				PRODUCT_BUNDLE_IDENTIFIER = com.superpowered.tvExample;
				PRODUCT_NAME = "$(TARGET_NAME)";
				PROVISIONING_PROFILE = "";
				VALID_ARCHS = "$(ARCHS_STANDARD)";
			};
			name = Release;
		};
/* End XCBuildConfiguration section */

/* Begin XCConfigurationList section */
		1B911F971C04B5DD008C0ACA /* Build configuration list for PBXProject "tvExample" */ = {
			isa = XCConfigurationList;
			buildConfigurations = (
				1B911FAE1C04B5DD008C0ACA /* Debug */,
				1B911FAF1C04B5DD008C0ACA /* Release */,
			);
			defaultConfigurationIsVisible = 0;
			defaultConfigurationName = Release;
		};
		1B911FB01C04B5DD008C0ACA /* Build configuration list for PBXNativeTarget "tvExample" */ = {
			isa = XCConfigurationList;
			buildConfigurations = (
				1B911FB11C04B5DD008C0ACA /* Debug */,
				1B911FB21C04B5DD008C0ACA /* Release */,
			);
			defaultConfigurationIsVisible = 0;
			defaultConfigurationName = Release;
		};
/* End XCConfigurationList section */
	};
	rootObject = 1B911F941C04B5DD008C0ACA /* Project object */;
}
