// !$*UTF8*$!
{
	archiveVersion = 1;
	classes = {
	};
	objectVersion = 46;
	objects = {

/* Begin PBXBuildFile section */
		1B468B811AE664250099A7DD /* libSuperpoweredAudioIOS.a in Frameworks */ = {isa = PBXBuildFile; fileRef = 1B468B7E1AE664250099A7DD /* libSuperpoweredAudioIOS.a */; };
		21144CFE23214A5B0062D494 /* main.m in Sources */ = {isa = PBXBuildFile; fileRef = 21144CFA23214A5B0062D494 /* main.m */; };
		21144CFF23214A5B0062D494 /* Main.storyboard in Resources */ = {isa = PBXBuildFile; fileRef = 21144CFB23214A5B0062D494 /* Main.storyboard */; };
		21144D0623214A650062D494 /* ViewController.mm in Sources */ = {isa = PBXBuildFile; fileRef = 21144D0223214A650062D494 /* ViewController.mm */; };
		21144D0723214A650062D494 /* AppDelegate.m in Sources */ = {isa = PBXBuildFile; fileRef = 21144D0523214A650062D494 /* AppDelegate.m */; };
		217B984223201C0D002297DB /* SuperpoweredIOSAudioIO.mm in Sources */ = {isa = PBXBuildFile; fileRef = 217B984023201C0D002297DB /* SuperpoweredIOSAudioIO.mm */; };
		217B984623201C52002297DB /* CoreMedia.framework in Frameworks */ = {isa = PBXBuildFile; fileRef = 217B984523201C52002297DB /* CoreMedia.framework */; };
		217B984823201C57002297DB /* AudioToolbox.framework in Frameworks */ = {isa = PBXBuildFile; fileRef = 217B984723201C57002297DB /* AudioToolbox.framework */; };
		217B984A23201C5C002297DB /* AVFoundation.framework in Frameworks */ = {isa = PBXBuildFile; fileRef = 217B984923201C5C002297DB /* AVFoundation.framework */; };
		217B984C23201C65002297DB /* MediaPlayer.framework in Frameworks */ = {isa = PBXBuildFile; fileRef = 217B984B23201C65002297DB /* MediaPlayer.framework */; };
/* End PBXBuildFile section */

/* Begin PBXFileReference section */
		1B468B551AE663D20099A7DD /* SuperpoweredFrequencyDomain.app */ = {isa = PBXFileReference; explicitFileType = wrapper.application; includeInIndex = 0; path = SuperpoweredFrequencyDomain.app; sourceTree = BUILT_PRODUCTS_DIR; };
		1B468B7E1AE664250099A7DD /* libSuperpoweredAudioIOS.a */ = {isa = PBXFileReference; lastKnownFileType = archive.ar; name = libSuperpoweredAudioIOS.a; path = ../../Superpowered/libSuperpoweredAudioIOS.a; sourceTree = "<group>"; };
		1B468B851AE664A30099A7DD /* SuperpoweredFrequencyDomain.h */ = {isa = PBXFileReference; lastKnownFileType = sourcecode.c.h; name = SuperpoweredFrequencyDomain.h; path = ../../Superpowered/SuperpoweredFrequencyDomain.h; sourceTree = "<group>"; };
		1B468B8E1AE696520099A7DD /* SuperpoweredSimple.h */ = {isa = PBXFileReference; lastKnownFileType = sourcecode.c.h; name = SuperpoweredSimple.h; path = ../../Superpowered/SuperpoweredSimple.h; sourceTree = "<group>"; };
		21144CFA23214A5B0062D494 /* main.m */ = {isa = PBXFileReference; fileEncoding = 4; lastKnownFileType = sourcecode.c.objc; name = main.m; path = SuperpoweredFrequencyDomain/etc/main.m; sourceTree = "<group>"; };
		21144CFB23214A5B0062D494 /* Main.storyboard */ = {isa = PBXFileReference; fileEncoding = 4; lastKnownFileType = file.storyboard; name = Main.storyboard; path = SuperpoweredFrequencyDomain/etc/Main.storyboard; sourceTree = "<group>"; };
		21144CFC23214A5B0062D494 /* Info.plist */ = {isa = PBXFileReference; fileEncoding = 4; lastKnownFileType = text.plist.xml; name = Info.plist; path = SuperpoweredFrequencyDomain/etc/Info.plist; sourceTree = "<group>"; };
		21144D0223214A650062D494 /* ViewController.mm */ = {isa = PBXFileReference; fileEncoding = 4; lastKnownFileType = sourcecode.cpp.objcpp; name = ViewController.mm; path = SuperpoweredFrequencyDomain/ViewController.mm; sourceTree = "<group>"; };
		21144D0323214A650062D494 /* AppDelegate.h */ = {isa = PBXFileReference; fileEncoding = 4; lastKnownFileType = sourcecode.c.h; name = AppDelegate.h; path = SuperpoweredFrequencyDomain/AppDelegate.h; sourceTree = "<group>"; };
		21144D0423214A650062D494 /* ViewController.h */ = {isa = PBXFileReference; fileEncoding = 4; lastKnownFileType = sourcecode.c.h; name = ViewController.h; path = SuperpoweredFrequencyDomain/ViewController.h; sourceTree = "<group>"; };
		21144D0523214A650062D494 /* AppDelegate.m */ = {isa = PBXFileReference; fileEncoding = 4; lastKnownFileType = sourcecode.c.objc; name = AppDelegate.m; path = SuperpoweredFrequencyDomain/AppDelegate.m; sourceTree = "<group>"; };
		211F35D32280743A006DE760 /* Superpowered.h */ = {isa = PBXFileReference; lastKnownFileType = sourcecode.c.h; name = Superpowered.h; path = ../../Superpowered/Superpowered.h; sourceTree = "<group>"; };
		217B984023201C0D002297DB /* SuperpoweredIOSAudioIO.mm */ = {isa = PBXFileReference; fileEncoding = 4; lastKnownFileType = sourcecode.cpp.objcpp; name = SuperpoweredIOSAudioIO.mm; path = ../../Superpowered/OpenSource/SuperpoweredIOSAudioIO.mm; sourceTree = "<group>"; };
		217B984123201C0D002297DB /* SuperpoweredIOSAudioIO.h */ = {isa = PBXFileReference; fileEncoding = 4; lastKnownFileType = sourcecode.c.h; name = SuperpoweredIOSAudioIO.h; path = ../../Superpowered/OpenSource/SuperpoweredIOSAudioIO.h; sourceTree = "<group>"; };
		217B984523201C52002297DB /* CoreMedia.framework */ = {isa = PBXFileReference; lastKnownFileType = wrapper.framework; name = CoreMedia.framework; path = System/Library/Frameworks/CoreMedia.framework; sourceTree = SDKROOT; };
		217B984723201C57002297DB /* AudioToolbox.framework */ = {isa = PBXFileReference; lastKnownFileType = wrapper.framework; name = AudioToolbox.framework; path = System/Library/Frameworks/AudioToolbox.framework; sourceTree = SDKROOT; };
		217B984923201C5C002297DB /* AVFoundation.framework */ = {isa = PBXFileReference; lastKnownFileType = wrapper.framework; name = AVFoundation.framework; path = System/Library/Frameworks/AVFoundation.framework; sourceTree = SDKROOT; };
		217B984B23201C65002297DB /* MediaPlayer.framework */ = {isa = PBXFileReference; lastKnownFileType = wrapper.framework; name = MediaPlayer.framework; path = System/Library/Frameworks/MediaPlayer.framework; sourceTree = SDKROOT; };
/* End PBXFileReference section */

/* Begin PBXFrameworksBuildPhase section */
		1B468B521AE663D20099A7DD /* Frameworks */ = {
			isa = PBXFrameworksBuildPhase;
			buildActionMask = 2147483647;
			files = (
				217B984C23201C65002297DB /* MediaPlayer.framework in Frameworks */,
				217B984A23201C5C002297DB /* AVFoundation.framework in Frameworks */,
				217B984823201C57002297DB /* AudioToolbox.framework in Frameworks */,
				217B984623201C52002297DB /* CoreMedia.framework in Frameworks */,
				1B468B811AE664250099A7DD /* libSuperpoweredAudioIOS.a in Frameworks */,
			);
			runOnlyForDeploymentPostprocessing = 0;
		};
/* End PBXFrameworksBuildPhase section */

/* Begin PBXGroup section */
		1B468B4C1AE663D20099A7DD = {
			isa = PBXGroup;
			children = (
				217B984323201C18002297DB /* Superpowered */,
				21144D0323214A650062D494 /* AppDelegate.h */,
				21144D0523214A650062D494 /* AppDelegate.m */,
				21144D0423214A650062D494 /* ViewController.h */,
				21144D0223214A650062D494 /* ViewController.mm */,
				21144CF923214A4C0062D494 /* Supporting Files */,
				217B984423201C41002297DB /* Frameworks */,
				1B468B561AE663D20099A7DD /* Products */,
			);
			sourceTree = "<group>";
		};
		1B468B561AE663D20099A7DD /* Products */ = {
			isa = PBXGroup;
			children = (
				1B468B551AE663D20099A7DD /* SuperpoweredFrequencyDomain.app */,
			);
			name = Products;
			sourceTree = "<group>";
		};
		21144CF923214A4C0062D494 /* Supporting Files */ = {
			isa = PBXGroup;
			children = (
				21144CFC23214A5B0062D494 /* Info.plist */,
				21144CFA23214A5B0062D494 /* main.m */,
				21144CFB23214A5B0062D494 /* Main.storyboard */,
			);
			name = "Supporting Files";
			sourceTree = "<group>";
		};
		217B984323201C18002297DB /* Superpowered */ = {
			isa = PBXGroup;
			children = (
				1B468B7E1AE664250099A7DD /* libSuperpoweredAudioIOS.a */,
				217B984123201C0D002297DB /* SuperpoweredIOSAudioIO.h */,
				217B984023201C0D002297DB /* SuperpoweredIOSAudioIO.mm */,
				211F35D32280743A006DE760 /* Superpowered.h */,
				1B468B8E1AE696520099A7DD /* SuperpoweredSimple.h */,
				1B468B851AE664A30099A7DD /* SuperpoweredFrequencyDomain.h */,
			);
			name = Superpowered;
			sourceTree = "<group>";
		};
		217B984423201C41002297DB /* Frameworks */ = {
			isa = PBXGroup;
			children = (
				217B984B23201C65002297DB /* MediaPlayer.framework */,
				217B984923201C5C002297DB /* AVFoundation.framework */,
				217B984723201C57002297DB /* AudioToolbox.framework */,
				217B984523201C52002297DB /* CoreMedia.framework */,
			);
			name = Frameworks;
			sourceTree = "<group>";
		};
/* End PBXGroup section */

/* Begin PBXNativeTarget section */
		1B468B541AE663D20099A7DD /* SuperpoweredFrequencyDomain */ = {
			isa = PBXNativeTarget;
			buildConfigurationList = 1B468B781AE663D20099A7DD /* Build configuration list for PBXNativeTarget "SuperpoweredFrequencyDomain" */;
			buildPhases = (
				1B468B511AE663D20099A7DD /* Sources */,
				1B468B521AE663D20099A7DD /* Frameworks */,
				1B468B531AE663D20099A7DD /* Resources */,
			);
			buildRules = (
			);
			dependencies = (
			);
			name = SuperpoweredFrequencyDomain;
			productName = SuperpoweredFrequencyDomain;
			productReference = 1B468B551AE663D20099A7DD /* SuperpoweredFrequencyDomain.app */;
			productType = "com.apple.product-type.application";
		};
/* End PBXNativeTarget section */

/* Begin PBXProject section */
		1B468B4D1AE663D20099A7DD /* Project object */ = {
			isa = PBXProject;
			attributes = {
				LastUpgradeCheck = 1020;
				ORGANIZATIONNAME = imect;
				TargetAttributes = {
					1B468B541AE663D20099A7DD = {
						CreatedOnToolsVersion = 6.3;
						DevelopmentTeam = AP4SQ5L535;
					};
				};
			};
			buildConfigurationList = 1B468B501AE663D20099A7DD /* Build configuration list for PBXProject "SuperpoweredFrequencyDomain" */;
			compatibilityVersion = "Xcode 3.2";
			developmentRegion = en;
			hasScannedForEncodings = 0;
			knownRegions = (
				en,
				Base,
			);
			mainGroup = 1B468B4C1AE663D20099A7DD;
			productRefGroup = 1B468B561AE663D20099A7DD /* Products */;
			projectDirPath = "";
			projectRoot = "";
			targets = (
				1B468B541AE663D20099A7DD /* SuperpoweredFrequencyDomain */,
			);
		};
/* End PBXProject section */

/* Begin PBXResourcesBuildPhase section */
		1B468B531AE663D20099A7DD /* Resources */ = {
			isa = PBXResourcesBuildPhase;
			buildActionMask = 2147483647;
			files = (
				21144CFF23214A5B0062D494 /* Main.storyboard in Resources */,
			);
			runOnlyForDeploymentPostprocessing = 0;
		};
/* End PBXResourcesBuildPhase section */

/* Begin PBXSourcesBuildPhase section */
		1B468B511AE663D20099A7DD /* Sources */ = {
			isa = PBXSourcesBuildPhase;
			buildActionMask = 2147483647;
			files = (
				21144D0723214A650062D494 /* AppDelegate.m in Sources */,
				21144CFE23214A5B0062D494 /* main.m in Sources */,
				217B984223201C0D002297DB /* SuperpoweredIOSAudioIO.mm in Sources */,
				21144D0623214A650062D494 /* ViewController.mm in Sources */,
			);
			runOnlyForDeploymentPostprocessing = 0;
		};
/* End PBXSourcesBuildPhase section */

/* Begin XCBuildConfiguration section */
		1B468B761AE663D20099A7DD /* Debug */ = {
			isa = XCBuildConfiguration;
			buildSettings = {
				ALWAYS_SEARCH_USER_PATHS = NO;
				CLANG_ANALYZER_LOCALIZABILITY_NONLOCALIZED = YES;
				CLANG_CXX_LANGUAGE_STANDARD = "gnu++0x";
				CLANG_CXX_LIBRARY = "libc++";
				CLANG_ENABLE_MODULES = YES;
				CLANG_ENABLE_OBJC_ARC = YES;
				CLANG_WARN_BLOCK_CAPTURE_AUTORELEASING = YES;
				CLANG_WARN_BOOL_CONVERSION = YES;
				CLANG_WARN_COMMA = YES;
				CLANG_WARN_CONSTANT_CONVERSION = YES;
				CLANG_WARN_DEPRECATED_OBJC_IMPLEMENTATIONS = YES;
				CLANG_WARN_DIRECT_OBJC_ISA_USAGE = YES_ERROR;
				CLANG_WARN_EMPTY_BODY = YES;
				CLANG_WARN_ENUM_CONVERSION = YES;
				CLANG_WARN_INFINITE_RECURSION = YES;
				CLANG_WARN_INT_CONVERSION = YES;
				CLANG_WARN_NON_LITERAL_NULL_CONVERSION = YES;
				CLANG_WARN_OBJC_IMPLICIT_RETAIN_SELF = YES;
				CLANG_WARN_OBJC_LITERAL_CONVERSION = YES;
				CLANG_WARN_OBJC_ROOT_CLASS = YES_ERROR;
				CLANG_WARN_RANGE_LOOP_ANALYSIS = YES;
				CLANG_WARN_STRICT_PROTOTYPES = YES;
				CLANG_WARN_SUSPICIOUS_MOVE = YES;
				CLANG_WARN_UNREACHABLE_CODE = YES;
				CLANG_WARN__DUPLICATE_METHOD_MATCH = YES;
				"CODE_SIGN_IDENTITY[sdk=iphoneos*]" = "iPhone Developer";
				COPY_PHASE_STRIP = NO;
				DEBUG_INFORMATION_FORMAT = "dwarf-with-dsym";
				ENABLE_STRICT_OBJC_MSGSEND = YES;
				ENABLE_TESTABILITY = YES;
				GCC_C_LANGUAGE_STANDARD = gnu99;
				GCC_DYNAMIC_NO_PIC = NO;
				GCC_NO_COMMON_BLOCKS = YES;
				GCC_OPTIMIZATION_LEVEL = 0;
				GCC_PREPROCESSOR_DEFINITIONS = (
					"DEBUG=1",
					"$(inherited)",
				);
				GCC_SYMBOLS_PRIVATE_EXTERN = NO;
				GCC_WARN_64_TO_32_BIT_CONVERSION = YES;
				GCC_WARN_ABOUT_RETURN_TYPE = YES_ERROR;
				GCC_WARN_UNDECLARED_SELECTOR = YES;
				GCC_WARN_UNINITIALIZED_AUTOS = YES_AGGRESSIVE;
				GCC_WARN_UNUSED_FUNCTION = YES;
				GCC_WARN_UNUSED_VARIABLE = YES;
				IPHONEOS_DEPLOYMENT_TARGET = 8.3;
				MTL_ENABLE_DEBUG_INFO = YES;
				ONLY_ACTIVE_ARCH = YES;
				SDKROOT = iphoneos;
				TARGETED_DEVICE_FAMILY = "1,2";
			};
			name = Debug;
		};
		1B468B771AE663D20099A7DD /* Release */ = {
			isa = XCBuildConfiguration;
			buildSettings = {
				ALWAYS_SEARCH_USER_PATHS = NO;
				CLANG_ANALYZER_LOCALIZABILITY_NONLOCALIZED = YES;
				CLANG_CXX_LANGUAGE_STANDARD = "gnu++0x";
				CLANG_CXX_LIBRARY = "libc++";
				CLANG_ENABLE_MODULES = YES;
				CLANG_ENABLE_OBJC_ARC = YES;
				CLANG_WARN_BLOCK_CAPTURE_AUTORELEASING = YES;
				CLANG_WARN_BOOL_CONVERSION = YES;
				CLANG_WARN_COMMA = YES;
				CLANG_WARN_CONSTANT_CONVERSION = YES;
				CLANG_WARN_DEPRECATED_OBJC_IMPLEMENTATIONS = YES;
				CLANG_WARN_DIRECT_OBJC_ISA_USAGE = YES_ERROR;
				CLANG_WARN_EMPTY_BODY = YES;
				CLANG_WARN_ENUM_CONVERSION = YES;
				CLANG_WARN_INFINITE_RECURSION = YES;
				CLANG_WARN_INT_CONVERSION = YES;
				CLANG_WARN_NON_LITERAL_NULL_CONVERSION = YES;
				CLANG_WARN_OBJC_IMPLICIT_RETAIN_SELF = YES;
				CLANG_WARN_OBJC_LITERAL_CONVERSION = YES;
				CLANG_WARN_OBJC_ROOT_CLASS = YES_ERROR;
				CLANG_WARN_RANGE_LOOP_ANALYSIS = YES;
				CLANG_WARN_STRICT_PROTOTYPES = YES;
				CLANG_WARN_SUSPICIOUS_MOVE = YES;
				CLANG_WARN_UNREACHABLE_CODE = YES;
				CLANG_WARN__DUPLICATE_METHOD_MATCH = YES;
				"CODE_SIGN_IDENTITY[sdk=iphoneos*]" = "iPhone Developer";
				COPY_PHASE_STRIP = NO;
				DEBUG_INFORMATION_FORMAT = "dwarf-with-dsym";
				ENABLE_NS_ASSERTIONS = NO;
				ENABLE_STRICT_OBJC_MSGSEND = YES;
				GCC_C_LANGUAGE_STANDARD = gnu99;
				GCC_NO_COMMON_BLOCKS = YES;
				GCC_WARN_64_TO_32_BIT_CONVERSION = YES;
				GCC_WARN_ABOUT_RETURN_TYPE = YES_ERROR;
				GCC_WARN_UNDECLARED_SELECTOR = YES;
				GCC_WARN_UNINITIALIZED_AUTOS = YES_AGGRESSIVE;
				GCC_WARN_UNUSED_FUNCTION = YES;
				GCC_WARN_UNUSED_VARIABLE = YES;
				IPHONEOS_DEPLOYMENT_TARGET = 8.3;
				MTL_ENABLE_DEBUG_INFO = NO;
				SDKROOT = iphoneos;
				TARGETED_DEVICE_FAMILY = "1,2";
				VALIDATE_PRODUCT = YES;
			};
			name = Release;
		};
		1B468B791AE663D20099A7DD /* Debug */ = {
			isa = XCBuildConfiguration;
			buildSettings = {
				DEVELOPMENT_TEAM = AP4SQ5L535;
				INFOPLIST_FILE = SuperpoweredFrequencyDomain/etc/Info.plist;
				LD_RUNPATH_SEARCH_PATHS = "$(inherited) @executable_path/Frameworks";
				LIBRARY_SEARCH_PATHS = (
					"$(inherited)",
					"$(PROJECT_DIR)/../../Superpowered",
				);
				PRODUCT_BUNDLE_IDENTIFIER = "com.imect.$(PRODUCT_NAME:rfc1034identifier)";
				PRODUCT_NAME = "$(TARGET_NAME)";
			};
			name = Debug;
		};
		1B468B7A1AE663D20099A7DD /* Release */ = {
			isa = XCBuildConfiguration;
			buildSettings = {
				DEVELOPMENT_TEAM = AP4SQ5L535;
				INFOPLIST_FILE = SuperpoweredFrequencyDomain/etc/Info.plist;
				LD_RUNPATH_SEARCH_PATHS = "$(inherited) @executable_path/Frameworks";
				LIBRARY_SEARCH_PATHS = (
					"$(inherited)",
					"$(PROJECT_DIR)/../../Superpowered",
				);
				PRODUCT_BUNDLE_IDENTIFIER = "com.imect.$(PRODUCT_NAME:rfc1034identifier)";
				PRODUCT_NAME = "$(TARGET_NAME)";
			};
			name = Release;
		};
/* End XCBuildConfiguration section */

/* Begin XCConfigurationList section */
		1B468B501AE663D20099A7DD /* Build configuration list for PBXProject "SuperpoweredFrequencyDomain" */ = {
			isa = XCConfigurationList;
			buildConfigurations = (
				1B468B761AE663D20099A7DD /* Debug */,
				1B468B771AE663D20099A7DD /* Release */,
			);
			defaultConfigurationIsVisible = 0;
			defaultConfigurationName = Release;
		};
		1B468B781AE663D20099A7DD /* Build configuration list for PBXNativeTarget "SuperpoweredFrequencyDomain" */ = {
			isa = XCConfigurationList;
			buildConfigurations = (
				1B468B791AE663D20099A7DD /* Debug */,
				1B468B7A1AE663D20099A7DD /* Release */,
			);
			defaultConfigurationIsVisible = 0;
			defaultConfigurationName = Release;
		};
/* End XCConfigurationList section */
	};
	rootObject = 1B468B4D1AE663D20099A7DD /* Project object */;
}
