// !$*UTF8*$!
{
	archiveVersion = 1;
	classes = {
	};
	objectVersion = 46;
	objects = {

/* Begin PBXBuildFile section */
		1B0377DC1A7ABDDE0094A776 /* libSuperpoweredAudioIOS.a in Frameworks */ = {isa = PBXBuildFile; fileRef = 1B0377DB1A7ABDDE0094A776 /* libSuperpoweredAudioIOS.a */; };
		1B0377E41A7ABDFB0094A776 /* AppDelegate.m in Sources */ = {isa = PBXBuildFile; fileRef = 1B0377E11A7ABDFB0094A776 /* AppDelegate.m */; };
		1B0377E51A7ABDFB0094A776 /* ViewController.m in Sources */ = {isa = PBXBuildFile; fileRef = 1B0377E31A7ABDFB0094A776 /* ViewController.m */; };
		1B0377EA1A7ABE100094A776 /* CoreAudio.m in Sources */ = {isa = PBXBuildFile; fileRef = 1B0377E71A7ABE100094A776 /* CoreAudio.m */; };
		1B0377EB1A7ABE100094A776 /* Superpowered.mm in Sources */ = {isa = PBXBuildFile; fileRef = 1B0377E91A7ABE100094A776 /* Superpowered.mm */; };
		1B0377EE1A7ABE250094A776 /* Images.xcassets in Resources */ = {isa = PBXBuildFile; fileRef = 1B0377ED1A7ABE250094A776 /* Images.xcassets */; };
		1B0377F01A7ABE2E0094A776 /* track.mp3 in Resources */ = {isa = PBXBuildFile; fileRef = 1B0377EF1A7ABE2E0094A776 /* track.mp3 */; };
		1B5298541C05BD6800647594 /* SuperpoweredIOSAudioIO.mm in Sources */ = {isa = PBXBuildFile; fileRef = 1B5298531C05BD6800647594 /* SuperpoweredIOSAudioIO.mm */; };
		1B56C2251A7AC21200A649D2 /* main.m in Sources */ = {isa = PBXBuildFile; fileRef = 1B56C2241A7AC21200A649D2 /* main.m */; };
		1B56C2311A7AC2E900A649D2 /* Main.storyboard in Resources */ = {isa = PBXBuildFile; fileRef = 1B56C22F1A7AC2E900A649D2 /* Main.storyboard */; };
		1B790D0418B5F5020041A145 /* MediaPlayer.framework in Frameworks */ = {isa = PBXBuildFile; fileRef = 1B790D0318B5F5020041A145 /* MediaPlayer.framework */; };
		1B7D52FF18AB762800931EE7 /* QuartzCore.framework in Frameworks */ = {isa = PBXBuildFile; fileRef = 1B7D52FE18AB762800931EE7 /* QuartzCore.framework */; };
		1B85C538189E6F20006D6C3C /* Foundation.framework in Frameworks */ = {isa = PBXBuildFile; fileRef = 1B85C537189E6F20006D6C3C /* Foundation.framework */; };
		1B85C53A189E6F20006D6C3C /* CoreGraphics.framework in Frameworks */ = {isa = PBXBuildFile; fileRef = 1B85C539189E6F20006D6C3C /* CoreGraphics.framework */; };
		1B85C53C189E6F20006D6C3C /* UIKit.framework in Frameworks */ = {isa = PBXBuildFile; fileRef = 1B85C53B189E6F20006D6C3C /* UIKit.framework */; };
		1B85C56F189E70E5006D6C3C /* AudioToolbox.framework in Frameworks */ = {isa = PBXBuildFile; fileRef = 1B85C56E189E70E5006D6C3C /* AudioToolbox.framework */; };
		1B85C571189EA027006D6C3C /* AVFoundation.framework in Frameworks */ = {isa = PBXBuildFile; fileRef = 1B85C570189EA027006D6C3C /* AVFoundation.framework */; };
		1B98E0081B14BE9600617EF9 /* CoreMedia.framework in Frameworks */ = {isa = PBXBuildFile; fileRef = 1B98E0071B14BE9600617EF9 /* CoreMedia.framework */; };
		1BADEA8F18DB892F001E9516 /* Accelerate.framework in Frameworks */ = {isa = PBXBuildFile; fileRef = 1BADEA8E18DB892F001E9516 /* Accelerate.framework */; };
/* End PBXBuildFile section */

/* Begin PBXFileReference section */
		1B0377DB1A7ABDDE0094A776 /* libSuperpoweredAudioIOS.a */ = {isa = PBXFileReference; lastKnownFileType = archive.ar; name = libSuperpoweredAudioIOS.a; path = ../Superpowered/libSuperpoweredAudioIOS.a; sourceTree = "<group>"; };
		1B0377E01A7ABDFB0094A776 /* AppDelegate.h */ = {isa = PBXFileReference; fileEncoding = 4; lastKnownFileType = sourcecode.c.h; path = AppDelegate.h; sourceTree = SOURCE_ROOT; };
		1B0377E11A7ABDFB0094A776 /* AppDelegate.m */ = {isa = PBXFileReference; fileEncoding = 4; lastKnownFileType = sourcecode.c.objc; path = AppDelegate.m; sourceTree = SOURCE_ROOT; };
		1B0377E21A7ABDFB0094A776 /* ViewController.h */ = {isa = PBXFileReference; fileEncoding = 4; lastKnownFileType = sourcecode.c.h; path = ViewController.h; sourceTree = SOURCE_ROOT; };
		1B0377E31A7ABDFB0094A776 /* ViewController.m */ = {isa = PBXFileReference; fileEncoding = 4; lastKnownFileType = sourcecode.c.objc; path = ViewController.m; sourceTree = SOURCE_ROOT; };
		1B0377E61A7ABE100094A776 /* CoreAudio.h */ = {isa = PBXFileReference; fileEncoding = 4; lastKnownFileType = sourcecode.c.h; path = CoreAudio.h; sourceTree = "<group>"; };
		1B0377E71A7ABE100094A776 /* CoreAudio.m */ = {isa = PBXFileReference; fileEncoding = 4; lastKnownFileType = sourcecode.c.objc; path = CoreAudio.m; sourceTree = "<group>"; };
		1B0377E81A7ABE100094A776 /* Superpowered.h */ = {isa = PBXFileReference; fileEncoding = 4; lastKnownFileType = sourcecode.c.h; path = Superpowered.h; sourceTree = "<group>"; };
		1B0377E91A7ABE100094A776 /* Superpowered.mm */ = {isa = PBXFileReference; fileEncoding = 4; lastKnownFileType = sourcecode.cpp.objcpp; path = Superpowered.mm; sourceTree = "<group>"; };
		1B0377EC1A7ABE1B0094A776 /* fftTest.h */ = {isa = PBXFileReference; lastKnownFileType = sourcecode.c.h; path = fftTest.h; sourceTree = "<group>"; };
		1B0377ED1A7ABE250094A776 /* Images.xcassets */ = {isa = PBXFileReference; lastKnownFileType = folder.assetcatalog; path = Images.xcassets; sourceTree = "<group>"; };
		1B0377EF1A7ABE2E0094A776 /* track.mp3 */ = {isa = PBXFileReference; lastKnownFileType = audio.mp3; path = track.mp3; sourceTree = "<group>"; };
		1B468B8D1AE6946A0099A7DD /* SuperpoweredSimple.h */ = {isa = PBXFileReference; lastKnownFileType = sourcecode.c.h; name = SuperpoweredSimple.h; path = ../Superpowered/SuperpoweredSimple.h; sourceTree = "<group>"; };
		1B5298521C05BD6800647594 /* SuperpoweredIOSAudioIO.h */ = {isa = PBXFileReference; fileEncoding = 4; lastKnownFileType = sourcecode.c.h; name = SuperpoweredIOSAudioIO.h; path = ../Superpowered/SuperpoweredIOSAudioIO.h; sourceTree = "<group>"; };
		1B5298531C05BD6800647594 /* SuperpoweredIOSAudioIO.mm */ = {isa = PBXFileReference; fileEncoding = 4; lastKnownFileType = sourcecode.cpp.objcpp; name = SuperpoweredIOSAudioIO.mm; path = ../Superpowered/SuperpoweredIOSAudioIO.mm; sourceTree = "<group>"; };
		1B56C2241A7AC21200A649D2 /* main.m */ = {isa = PBXFileReference; fileEncoding = 4; lastKnownFileType = sourcecode.c.objc; path = main.m; sourceTree = SOURCE_ROOT; };
		1B56C2261A7AC27F00A649D2 /* SuperpoweredFlanger.h */ = {isa = PBXFileReference; lastKnownFileType = sourcecode.c.h; name = SuperpoweredFlanger.h; path = ../Superpowered/SuperpoweredFlanger.h; sourceTree = "<group>"; };
		1B56C2271A7AC27F00A649D2 /* SuperpoweredEcho.h */ = {isa = PBXFileReference; lastKnownFileType = sourcecode.c.h; name = SuperpoweredEcho.h; path = ../Superpowered/SuperpoweredEcho.h; sourceTree = "<group>"; };
		1B56C2281A7AC27F00A649D2 /* SuperpoweredReverb.h */ = {isa = PBXFileReference; lastKnownFileType = sourcecode.c.h; name = SuperpoweredReverb.h; path = ../Superpowered/SuperpoweredReverb.h; sourceTree = "<group>"; };
		1B56C2291A7AC27F00A649D2 /* SuperpoweredFilter.h */ = {isa = PBXFileReference; lastKnownFileType = sourcecode.c.h; name = SuperpoweredFilter.h; path = ../Superpowered/SuperpoweredFilter.h; sourceTree = "<group>"; };
		1B56C22A1A7AC27F00A649D2 /* SuperpoweredAdvancedAudioPlayer.h */ = {isa = PBXFileReference; lastKnownFileType = sourcecode.c.h; name = SuperpoweredAdvancedAudioPlayer.h; path = ../Superpowered/SuperpoweredAdvancedAudioPlayer.h; sourceTree = "<group>"; };
		1B56C22B1A7AC27F00A649D2 /* SuperpoweredRoll.h */ = {isa = PBXFileReference; lastKnownFileType = sourcecode.c.h; name = SuperpoweredRoll.h; path = ../Superpowered/SuperpoweredRoll.h; sourceTree = "<group>"; };
		1B56C22C1A7AC27F00A649D2 /* Superpowered3BandEQ.h */ = {isa = PBXFileReference; lastKnownFileType = sourcecode.c.h; name = Superpowered3BandEQ.h; path = ../Superpowered/Superpowered3BandEQ.h; sourceTree = "<group>"; };
		1B56C22E1A7AC29900A649D2 /* SuperpoweredFFT.h */ = {isa = PBXFileReference; lastKnownFileType = sourcecode.c.h; name = SuperpoweredFFT.h; path = ../Superpowered/SuperpoweredFFT.h; sourceTree = "<group>"; };
		1B56C2301A7AC2E900A649D2 /* Base */ = {isa = PBXFileReference; lastKnownFileType = file.storyboard; name = Base; path = Base.lproj/Main.storyboard; sourceTree = "<group>"; };
		1B790D0318B5F5020041A145 /* MediaPlayer.framework */ = {isa = PBXFileReference; lastKnownFileType = wrapper.framework; name = MediaPlayer.framework; path = System/Library/Frameworks/MediaPlayer.framework; sourceTree = SDKROOT; };
		1B7D52FE18AB762800931EE7 /* QuartzCore.framework */ = {isa = PBXFileReference; lastKnownFileType = wrapper.framework; name = QuartzCore.framework; path = System/Library/Frameworks/QuartzCore.framework; sourceTree = SDKROOT; };
		1B85C534189E6F20006D6C3C /* SuperpoweredPerformance.app */ = {isa = PBXFileReference; explicitFileType = wrapper.application; includeInIndex = 0; path = SuperpoweredPerformance.app; sourceTree = BUILT_PRODUCTS_DIR; };
		1B85C537189E6F20006D6C3C /* Foundation.framework */ = {isa = PBXFileReference; lastKnownFileType = wrapper.framework; name = Foundation.framework; path = System/Library/Frameworks/Foundation.framework; sourceTree = SDKROOT; };
		1B85C539189E6F20006D6C3C /* CoreGraphics.framework */ = {isa = PBXFileReference; lastKnownFileType = wrapper.framework; name = CoreGraphics.framework; path = System/Library/Frameworks/CoreGraphics.framework; sourceTree = SDKROOT; };
		1B85C53B189E6F20006D6C3C /* UIKit.framework */ = {isa = PBXFileReference; lastKnownFileType = wrapper.framework; name = UIKit.framework; path = System/Library/Frameworks/UIKit.framework; sourceTree = SDKROOT; };
		1B85C53F189E6F20006D6C3C /* SuperpoweredPerformance-Info.plist */ = {isa = PBXFileReference; lastKnownFileType = text.plist.xml; path = "SuperpoweredPerformance-Info.plist"; sourceTree = "<group>"; };
		1B85C545189E6F20006D6C3C /* SuperpoweredPerformance-Prefix.pch */ = {isa = PBXFileReference; lastKnownFileType = sourcecode.c.h; path = "SuperpoweredPerformance-Prefix.pch"; sourceTree = "<group>"; };
		1B85C56E189E70E5006D6C3C /* AudioToolbox.framework */ = {isa = PBXFileReference; lastKnownFileType = wrapper.framework; name = AudioToolbox.framework; path = System/Library/Frameworks/AudioToolbox.framework; sourceTree = SDKROOT; };
		1B85C570189EA027006D6C3C /* AVFoundation.framework */ = {isa = PBXFileReference; lastKnownFileType = wrapper.framework; name = AVFoundation.framework; path = System/Library/Frameworks/AVFoundation.framework; sourceTree = SDKROOT; };
		1B98E0071B14BE9600617EF9 /* CoreMedia.framework */ = {isa = PBXFileReference; lastKnownFileType = wrapper.framework; name = CoreMedia.framework; path = System/Library/Frameworks/CoreMedia.framework; sourceTree = SDKROOT; };
		1BADEA8E18DB892F001E9516 /* Accelerate.framework */ = {isa = PBXFileReference; lastKnownFileType = wrapper.framework; name = Accelerate.framework; path = System/Library/Frameworks/Accelerate.framework; sourceTree = SDKROOT; };
/* End PBXFileReference section */

/* Begin PBXFrameworksBuildPhase section */
		1B85C531189E6F20006D6C3C /* Frameworks */ = {
			isa = PBXFrameworksBuildPhase;
			buildActionMask = 2147483647;
			files = (
				1B98E0081B14BE9600617EF9 /* CoreMedia.framework in Frameworks */,
				1BADEA8F18DB892F001E9516 /* Accelerate.framework in Frameworks */,
				1B85C56F189E70E5006D6C3C /* AudioToolbox.framework in Frameworks */,
				1B85C571189EA027006D6C3C /* AVFoundation.framework in Frameworks */,
				1B85C53A189E6F20006D6C3C /* CoreGraphics.framework in Frameworks */,
				1B0377DC1A7ABDDE0094A776 /* libSuperpoweredAudioIOS.a in Frameworks */,
				1B85C538189E6F20006D6C3C /* Foundation.framework in Frameworks */,
				1B790D0418B5F5020041A145 /* MediaPlayer.framework in Frameworks */,
				1B7D52FF18AB762800931EE7 /* QuartzCore.framework in Frameworks */,
				1B85C53C189E6F20006D6C3C /* UIKit.framework in Frameworks */,
			);
			runOnlyForDeploymentPostprocessing = 0;
		};
/* End PBXFrameworksBuildPhase section */

/* Begin PBXGroup section */
		1B2FF5E71A7AC32200E3F0CB /* Superpowered */ = {
			isa = PBXGroup;
			children = (
				1B0377DB1A7ABDDE0094A776 /* libSuperpoweredAudioIOS.a */,
				1B56C2261A7AC27F00A649D2 /* SuperpoweredFlanger.h */,
				1B56C2271A7AC27F00A649D2 /* SuperpoweredEcho.h */,
				1B56C2281A7AC27F00A649D2 /* SuperpoweredReverb.h */,
				1B56C2291A7AC27F00A649D2 /* SuperpoweredFilter.h */,
				1B56C22A1A7AC27F00A649D2 /* SuperpoweredAdvancedAudioPlayer.h */,
				1B56C22B1A7AC27F00A649D2 /* SuperpoweredRoll.h */,
				1B56C22C1A7AC27F00A649D2 /* Superpowered3BandEQ.h */,
				1B468B8D1AE6946A0099A7DD /* SuperpoweredSimple.h */,
				1B56C22E1A7AC29900A649D2 /* SuperpoweredFFT.h */,
				1B5298521C05BD6800647594 /* SuperpoweredIOSAudioIO.h */,
				1B5298531C05BD6800647594 /* SuperpoweredIOSAudioIO.mm */,
			);
			name = Superpowered;
			sourceTree = "<group>";
		};
		1B85C52B189E6F20006D6C3C = {
			isa = PBXGroup;
			children = (
				1B2FF5E71A7AC32200E3F0CB /* Superpowered */,
				1B85C53E189E6F20006D6C3C /* Supporting Files */,
				1B0377E01A7ABDFB0094A776 /* AppDelegate.h */,
				1B0377E11A7ABDFB0094A776 /* AppDelegate.m */,
				1B0377E21A7ABDFB0094A776 /* ViewController.h */,
				1B0377E31A7ABDFB0094A776 /* ViewController.m */,
				1B0377E61A7ABE100094A776 /* CoreAudio.h */,
				1B0377E71A7ABE100094A776 /* CoreAudio.m */,
				1B0377E81A7ABE100094A776 /* Superpowered.h */,
				1B0377E91A7ABE100094A776 /* Superpowered.mm */,
				1B0377EC1A7ABE1B0094A776 /* fftTest.h */,
				1B56C22F1A7AC2E900A649D2 /* Main.storyboard */,
				1B0377ED1A7ABE250094A776 /* Images.xcassets */,
				1B0377EF1A7ABE2E0094A776 /* track.mp3 */,
				1B85C536189E6F20006D6C3C /* Frameworks */,
				1B85C535189E6F20006D6C3C /* Products */,
			);
			sourceTree = "<group>";
		};
		1B85C535189E6F20006D6C3C /* Products */ = {
			isa = PBXGroup;
			children = (
				1B85C534189E6F20006D6C3C /* SuperpoweredPerformance.app */,
			);
			name = Products;
			sourceTree = "<group>";
		};
		1B85C536189E6F20006D6C3C /* Frameworks */ = {
			isa = PBXGroup;
			children = (
				1B98E0071B14BE9600617EF9 /* CoreMedia.framework */,
				1BADEA8E18DB892F001E9516 /* Accelerate.framework */,
				1B85C56E189E70E5006D6C3C /* AudioToolbox.framework */,
				1B85C570189EA027006D6C3C /* AVFoundation.framework */,
				1B85C539189E6F20006D6C3C /* CoreGraphics.framework */,
				1B85C537189E6F20006D6C3C /* Foundation.framework */,
				1B790D0318B5F5020041A145 /* MediaPlayer.framework */,
				1B7D52FE18AB762800931EE7 /* QuartzCore.framework */,
				1B85C53B189E6F20006D6C3C /* UIKit.framework */,
			);
			name = Frameworks;
			sourceTree = "<group>";
		};
		1B85C53E189E6F20006D6C3C /* Supporting Files */ = {
			isa = PBXGroup;
			children = (
				1B56C2241A7AC21200A649D2 /* main.m */,
				1B85C53F189E6F20006D6C3C /* SuperpoweredPerformance-Info.plist */,
				1B85C545189E6F20006D6C3C /* SuperpoweredPerformance-Prefix.pch */,
			);
			name = "Supporting Files";
			path = SuperpoweredPerformance;
			sourceTree = "<group>";
		};
/* End PBXGroup section */

/* Begin PBXNativeTarget section */
		1B85C533189E6F20006D6C3C /* SuperpoweredPerformance */ = {
			isa = PBXNativeTarget;
			buildConfigurationList = 1B85C566189E6F20006D6C3C /* Build configuration list for PBXNativeTarget "SuperpoweredPerformance" */;
			buildPhases = (
				1B85C530189E6F20006D6C3C /* Sources */,
				1B85C531189E6F20006D6C3C /* Frameworks */,
				1B85C532189E6F20006D6C3C /* Resources */,
			);
			buildRules = (
			);
			dependencies = (
			);
			name = SuperpoweredPerformance;
			productName = SuperpoweredPerformance;
			productReference = 1B85C534189E6F20006D6C3C /* SuperpoweredPerformance.app */;
			productType = "com.apple.product-type.application";
		};
/* End PBXNativeTarget section */

/* Begin PBXProject section */
		1B85C52C189E6F20006D6C3C /* Project object */ = {
			isa = PBXProject;
			attributes = {
				LastUpgradeCheck = 0700;
				ORGANIZATIONNAME = imect;
				TargetAttributes = {
					1B85C533189E6F20006D6C3C = {
						SystemCapabilities = {
							com.apple.BackgroundModes = {
								enabled = 1;
							};
						};
					};
				};
			};
			buildConfigurationList = 1B85C52F189E6F20006D6C3C /* Build configuration list for PBXProject "SuperpoweredPerformance" */;
			compatibilityVersion = "Xcode 3.2";
			developmentRegion = English;
			hasScannedForEncodings = 0;
			knownRegions = (
				en,
				Base,
			);
			mainGroup = 1B85C52B189E6F20006D6C3C;
			productRefGroup = 1B85C535189E6F20006D6C3C /* Products */;
			projectDirPath = "";
			projectRoot = "";
			targets = (
				1B85C533189E6F20006D6C3C /* SuperpoweredPerformance */,
			);
		};
/* End PBXProject section */

/* Begin PBXResourcesBuildPhase section */
		1B85C532189E6F20006D6C3C /* Resources */ = {
			isa = PBXResourcesBuildPhase;
			buildActionMask = 2147483647;
			files = (
				1B0377EE1A7ABE250094A776 /* Images.xcassets in Resources */,
				1B0377F01A7ABE2E0094A776 /* track.mp3 in Resources */,
				1B56C2311A7AC2E900A649D2 /* Main.storyboard in Resources */,
			);
			runOnlyForDeploymentPostprocessing = 0;
		};
/* End PBXResourcesBuildPhase section */

/* Begin PBXSourcesBuildPhase section */
		1B85C530189E6F20006D6C3C /* Sources */ = {
			isa = PBXSourcesBuildPhase;
			buildActionMask = 2147483647;
			files = (
				1B0377E51A7ABDFB0094A776 /* ViewController.m in Sources */,
				1B0377EB1A7ABE100094A776 /* Superpowered.mm in Sources */,
				1B5298541C05BD6800647594 /* SuperpoweredIOSAudioIO.mm in Sources */,
				1B0377EA1A7ABE100094A776 /* CoreAudio.m in Sources */,
				1B56C2251A7AC21200A649D2 /* main.m in Sources */,
				1B0377E41A7ABDFB0094A776 /* AppDelegate.m in Sources */,
			);
			runOnlyForDeploymentPostprocessing = 0;
		};
/* End PBXSourcesBuildPhase section */

/* Begin PBXVariantGroup section */
		1B56C22F1A7AC2E900A649D2 /* Main.storyboard */ = {
			isa = PBXVariantGroup;
			children = (
				1B56C2301A7AC2E900A649D2 /* Base */,
			);
			name = Main.storyboard;
			sourceTree = "<group>";
		};
/* End PBXVariantGroup section */

/* Begin XCBuildConfiguration section */
		1B85C564189E6F20006D6C3C /* Debug */ = {
			isa = XCBuildConfiguration;
			buildSettings = {
				ALWAYS_SEARCH_USER_PATHS = NO;
				CLANG_CXX_LANGUAGE_STANDARD = "gnu++0x";
				CLANG_CXX_LIBRARY = "libc++";
				CLANG_ENABLE_MODULES = YES;
				CLANG_ENABLE_OBJC_ARC = YES;
				CLANG_WARN_BOOL_CONVERSION = YES;
				CLANG_WARN_CONSTANT_CONVERSION = YES;
				CLANG_WARN_DIRECT_OBJC_ISA_USAGE = YES_ERROR;
				CLANG_WARN_EMPTY_BODY = YES;
				CLANG_WARN_ENUM_CONVERSION = YES;
				CLANG_WARN_INT_CONVERSION = YES;
				CLANG_WARN_OBJC_ROOT_CLASS = YES_ERROR;
				CLANG_WARN__DUPLICATE_METHOD_MATCH = YES;
				"CODE_SIGN_IDENTITY[sdk=iphoneos*]" = "iPhone Developer";
				COPY_PHASE_STRIP = NO;
				ENABLE_TESTABILITY = YES;
				GCC_C_LANGUAGE_STANDARD = gnu99;
				GCC_DYNAMIC_NO_PIC = NO;
				GCC_OPTIMIZATION_LEVEL = 0;
				GCC_PREPROCESSOR_DEFINITIONS = (
					"DEBUG=1",
					"$(inherited)",
				);
				GCC_SYMBOLS_PRIVATE_EXTERN = NO;
				GCC_WARN_64_TO_32_BIT_CONVERSION = YES;
				GCC_WARN_ABOUT_RETURN_TYPE = YES_ERROR;
				GCC_WARN_UNDECLARED_SELECTOR = YES;
				GCC_WARN_UNINITIALIZED_AUTOS = YES;
				GCC_WARN_UNUSED_FUNCTION = YES;
				GCC_WARN_UNUSED_VARIABLE = YES;
				IPHONEOS_DEPLOYMENT_TARGET = 7.0;
				ONLY_ACTIVE_ARCH = YES;
				SDKROOT = iphoneos;
			};
			name = Debug;
		};
		1B85C565189E6F20006D6C3C /* Release */ = {
			isa = XCBuildConfiguration;
			buildSettings = {
				ALWAYS_SEARCH_USER_PATHS = NO;
				CLANG_CXX_LANGUAGE_STANDARD = "gnu++0x";
				CLANG_CXX_LIBRARY = "libc++";
				CLANG_ENABLE_MODULES = YES;
				CLANG_ENABLE_OBJC_ARC = YES;
				CLANG_WARN_BOOL_CONVERSION = YES;
				CLANG_WARN_CONSTANT_CONVERSION = YES;
				CLANG_WARN_DIRECT_OBJC_ISA_USAGE = YES_ERROR;
				CLANG_WARN_EMPTY_BODY = YES;
				CLANG_WARN_ENUM_CONVERSION = YES;
				CLANG_WARN_INT_CONVERSION = YES;
				CLANG_WARN_OBJC_ROOT_CLASS = YES_ERROR;
				CLANG_WARN__DUPLICATE_METHOD_MATCH = YES;
				"CODE_SIGN_IDENTITY[sdk=iphoneos*]" = "iPhone Developer";
				COPY_PHASE_STRIP = YES;
				ENABLE_NS_ASSERTIONS = NO;
				GCC_C_LANGUAGE_STANDARD = gnu99;
				GCC_WARN_64_TO_32_BIT_CONVERSION = YES;
				GCC_WARN_ABOUT_RETURN_TYPE = YES_ERROR;
				GCC_WARN_UNDECLARED_SELECTOR = YES;
				GCC_WARN_UNINITIALIZED_AUTOS = YES;
				GCC_WARN_UNUSED_FUNCTION = YES;
				GCC_WARN_UNUSED_VARIABLE = YES;
				IPHONEOS_DEPLOYMENT_TARGET = 7.0;
				SDKROOT = iphoneos;
				VALIDATE_PRODUCT = YES;
			};
			name = Release;
		};
		1B85C567189E6F20006D6C3C /* Debug */ = {
			isa = XCBuildConfiguration;
			buildSettings = {
				ASSETCATALOG_COMPILER_APPICON_NAME = AppIcon;
				ASSETCATALOG_COMPILER_LAUNCHIMAGE_NAME = LaunchImage;
				CLANG_CXX_LANGUAGE_STANDARD = "compiler-default";
				CLANG_ENABLE_MODULES = NO;
				CLANG_ENABLE_OBJC_ARC = YES;
				CODE_SIGN_IDENTITY = "";
				"CODE_SIGN_IDENTITY[sdk=iphoneos*]" = "iPhone Developer";
				GCC_CW_ASM_SYNTAX = YES;
				GCC_C_LANGUAGE_STANDARD = "compiler-default";
				GCC_PRECOMPILE_PREFIX_HEADER = NO;
				GCC_PREFIX_HEADER = "SuperpoweredPerformance-Prefix.pch";
				GCC_SYMBOLS_PRIVATE_EXTERN = YES;
				INFOPLIST_FILE = "SuperpoweredPerformance-Info.plist";
				IPHONEOS_DEPLOYMENT_TARGET = 6.0;
				LIBRARY_SEARCH_PATHS = (
					"$(inherited)",
					"$(PROJECT_DIR)/../Superpowered",
				);
				OTHER_CFLAGS = "";
				OTHER_LDFLAGS = "";
				PRODUCT_BUNDLE_IDENTIFIER = "com.imect.${PRODUCT_NAME:rfc1034identifier}";
				PRODUCT_NAME = SuperpoweredPerformance;
				VALID_ARCHS = "armv7 i386 x86_64 arm64";
				WRAPPER_EXTENSION = app;
			};
			name = Debug;
		};
		1B85C568189E6F20006D6C3C /* Release */ = {
			isa = XCBuildConfiguration;
			buildSettings = {
				ASSETCATALOG_COMPILER_APPICON_NAME = AppIcon;
				ASSETCATALOG_COMPILER_LAUNCHIMAGE_NAME = LaunchImage;
				CLANG_CXX_LANGUAGE_STANDARD = "compiler-default";
				CLANG_ENABLE_MODULES = NO;
				CLANG_ENABLE_OBJC_ARC = YES;
				CODE_SIGN_IDENTITY = "";
				"CODE_SIGN_IDENTITY[sdk=iphoneos*]" = "iPhone Developer";
				GCC_CW_ASM_SYNTAX = YES;
				GCC_C_LANGUAGE_STANDARD = "compiler-default";
				GCC_PRECOMPILE_PREFIX_HEADER = NO;
				GCC_PREFIX_HEADER = "SuperpoweredPerformance-Prefix.pch";
				INFOPLIST_FILE = "SuperpoweredPerformance-Info.plist";
				IPHONEOS_DEPLOYMENT_TARGET = 6.0;
				LIBRARY_SEARCH_PATHS = (
					"$(inherited)",
					"$(PROJECT_DIR)/../Superpowered",
				);
				OTHER_CFLAGS = "";
				OTHER_LDFLAGS = "";
				PRODUCT_BUNDLE_IDENTIFIER = "com.imect.${PRODUCT_NAME:rfc1034identifier}";
				PRODUCT_NAME = SuperpoweredPerformance;
				VALID_ARCHS = "armv7 i386 x86_64 arm64";
				WRAPPER_EXTENSION = app;
			};
			name = Release;
		};
/* End XCBuildConfiguration section */

/* Begin XCConfigurationList section */
		1B85C52F189E6F20006D6C3C /* Build configuration list for PBXProject "SuperpoweredPerformance" */ = {
			isa = XCConfigurationList;
			buildConfigurations = (
				1B85C564189E6F20006D6C3C /* Debug */,
				1B85C565189E6F20006D6C3C /* Release */,
			);
			defaultConfigurationIsVisible = 0;
			defaultConfigurationName = Release;
		};
		1B85C566189E6F20006D6C3C /* Build configuration list for PBXNativeTarget "SuperpoweredPerformance" */ = {
			isa = XCConfigurationList;
			buildConfigurations = (
				1B85C567189E6F20006D6C3C /* Debug */,
				1B85C568189E6F20006D6C3C /* Release */,
			);
			defaultConfigurationIsVisible = 0;
			defaultConfigurationName = Release;
		};
/* End XCConfigurationList section */
	};
	rootObject = 1B85C52C189E6F20006D6C3C /* Project object */;
}
