Microsoft Visual Studio Solution File, Format Version 11.00
# Visual Studio 2008

Project("{BA29A0D7-1DBC-7BD8-4531-943282C47F46}") = "SuperpoweredUnity", "Assembly-CSharp.csproj", "{46D30BD2-BFDA-319A-47F2-A74AC9D4EA5C}"
EndProject
Global
	GlobalSection(SolutionConfigurationPlatforms) = preSolution
		Debug|Any CPU = Debug|Any CPU
		Release|Any CPU = Release|Any CPU
	EndGlobalSection
	GlobalSection(ProjectConfigurationPlatforms) = postSolution
		{46D30BD2-BFDA-319A-47F2-A74AC9D4EA5C}.Debug|Any CPU.ActiveCfg = Debug|Any CPU
		{46D30BD2-BFDA-319A-47F2-A74AC9D4EA5C}.Debug|Any CPU.Build.0 = Debug|Any CPU
		{46D30BD2-BFDA-319A-47F2-A74AC9D4EA5C}.Release|Any CPU.ActiveCfg = Release|Any CPU
		{46D30BD2-BFDA-319A-47F2-A74AC9D4EA5C}.Release|Any CPU.Build.0 = Release|Any CPU
	EndGlobalSection
	GlobalSection(SolutionProperties) = preSolution
		HideSolutionNode = FALSE
	EndGlobalSection
	GlobalSection(MonoDevelopProperties) = preSolution
		StartupItem = Assembly-CSharp.csproj
	EndGlobalSection
EndGlobal
